
Microsoft Visual Studio Solution File, Format Version 12.00
# Visual Studio Version 17
VisualStudioVersion = 17.4.33110.190
MinimumVisualStudioVersion = 10.0.40219.1
Project("{9A19103F-16F7-4668-BE54-9A1E7A4F7556}") = "DotnetWebAPI", "DotnetWebAPI.csproj", "{192B79D3-E337-4669-8A5B-56EB065F7637}"
EndProject
Global
	GlobalSection(SolutionConfigurationPlatforms) = preSolution
		Debug|Any CPU = Debug|Any CPU
		Release|Any CPU = Release|Any CPU
	EndGlobalSection
	GlobalSection(ProjectConfigurationPlatforms) = postSolution
		{192B79D3-E337-4669-8A5B-56EB065F7637}.Debug|Any CPU.ActiveCfg = Debug|Any CPU
		{192B79D3-E337-4669-8A5B-56EB065F7637}.Debug|Any CPU.Build.0 = Debug|Any CPU
		{192B79D3-E337-4669-8A5B-56EB065F7637}.Release|Any CPU.ActiveCfg = Release|Any CPU
		{192B79D3-E337-4669-8A5B-56EB065F7637}.Release|Any CPU.Build.0 = Release|Any CPU
	EndGlobalSection
	GlobalSection(SolutionProperties) = preSolution
		HideSolutionNode = FALSE
	EndGlobalSection
	GlobalSection(ExtensibilityGlobals) = postSolution
		SolutionGuid = {F75CC33E-1B77-4EF9-8A38-296E605FF11B}
	EndGlobalSection
EndGlobal
